// !$*UTF8*$!
{
	archiveVersion = 1;
	classes = {
	};
	objectVersion = 56;
	objects = {

/* Begin PBXBuildFile section */
		5C0F8E142B496D7600ECC2F8 /* AppDelegate.swift in Sources */ = {isa = PBXBuildFile; fileRef = 5C0F8E132B496D7600ECC2F8 /* AppDelegate.swift */; };
		5C0F8E162B496D7600ECC2F8 /* SceneDelegate.swift in Sources */ = {isa = PBXBuildFile; fileRef = 5C0F8E152B496D7600ECC2F8 /* SceneDelegate.swift */; };
		5C0F8E1D2B496D7700ECC2F8 /* Assets.xcassets in Resources */ = {isa = PBXBuildFile; fileRef = 5C0F8E1C2B496D7700ECC2F8 /* Assets.xcassets */; };
		5C0F8E202B496D7700ECC2F8 /* LaunchScreen.storyboard in Resources */ = {isa = PBXBuildFile; fileRef = 5C0F8E1E2B496D7700ECC2F8 /* LaunchScreen.storyboard */; };
		5C6D0D152B49B2B70074B5F5 /* DiaryListViewModel.swift in Sources */ = {isa = PBXBuildFile; fileRef = 5C6D0D142B49B2B70074B5F5 /* DiaryListViewModel.swift */; };
		5C6D0D172B49B2CA0074B5F5 /* DiaryListViewController.swift in Sources */ = {isa = PBXBuildFile; fileRef = 5C6D0D162B49B2CA0074B5F5 /* DiaryListViewController.swift */; };
		5C6D0D192B49B2F70074B5F5 /* DiaryFlowCoordinator.swift in Sources */ = {isa = PBXBuildFile; fileRef = 5C6D0D182B49B2F70074B5F5 /* DiaryFlowCoordinator.swift */; };
		5C6D0D1C2B49B3240074B5F5 /* DiaryListUseCase.swift in Sources */ = {isa = PBXBuildFile; fileRef = 5C6D0D1B2B49B3240074B5F5 /* DiaryListUseCase.swift */; };
		5C6D0D1E2B49B3330074B5F5 /* DiaryListRepository.swift in Sources */ = {isa = PBXBuildFile; fileRef = 5C6D0D1D2B49B3330074B5F5 /* DiaryListRepository.swift */; };
		5C6D0D202B49B3890074B5F5 /* DiaryListRepositoryImpl.swift in Sources */ = {isa = PBXBuildFile; fileRef = 5C6D0D1F2B49B3890074B5F5 /* DiaryListRepositoryImpl.swift */; };
		5C6D0D222B49B5860074B5F5 /* Diary.swift in Sources */ = {isa = PBXBuildFile; fileRef = 5C6D0D212B49B5860074B5F5 /* Diary.swift */; };
/* End PBXBuildFile section */

/* Begin PBXFileReference section */
		5C0F8E102B496D7600ECC2F8 /* GosimDiary.app */ = {isa = PBXFileReference; explicitFileType = wrapper.application; includeInIndex = 0; path = GosimDiary.app; sourceTree = BUILT_PRODUCTS_DIR; };
		5C0F8E132B496D7600ECC2F8 /* AppDelegate.swift */ = {isa = PBXFileReference; lastKnownFileType = sourcecode.swift; path = AppDelegate.swift; sourceTree = "<group>"; };
		5C0F8E152B496D7600ECC2F8 /* SceneDelegate.swift */ = {isa = PBXFileReference; lastKnownFileType = sourcecode.swift; path = SceneDelegate.swift; sourceTree = "<group>"; };
		5C0F8E1C2B496D7700ECC2F8 /* Assets.xcassets */ = {isa = PBXFileReference; lastKnownFileType = folder.assetcatalog; path = Assets.xcassets; sourceTree = "<group>"; };
		5C0F8E1F2B496D7700ECC2F8 /* Base */ = {isa = PBXFileReference; lastKnownFileType = file.storyboard; name = Base; path = Base.lproj/LaunchScreen.storyboard; sourceTree = "<group>"; };
		5C0F8E212B496D7700ECC2F8 /* Info.plist */ = {isa = PBXFileReference; lastKnownFileType = text.plist.xml; path = Info.plist; sourceTree = "<group>"; };
		5C6D0D142B49B2B70074B5F5 /* DiaryListViewModel.swift */ = {isa = PBXFileReference; lastKnownFileType = sourcecode.swift; path = DiaryListViewModel.swift; sourceTree = "<group>"; };
		5C6D0D162B49B2CA0074B5F5 /* DiaryListViewController.swift */ = {isa = PBXFileReference; lastKnownFileType = sourcecode.swift; path = DiaryListViewController.swift; sourceTree = "<group>"; };
		5C6D0D182B49B2F70074B5F5 /* DiaryFlowCoordinator.swift */ = {isa = PBXFileReference; lastKnownFileType = sourcecode.swift; path = DiaryFlowCoordinator.swift; sourceTree = "<group>"; };
		5C6D0D1B2B49B3240074B5F5 /* DiaryListUseCase.swift */ = {isa = PBXFileReference; lastKnownFileType = sourcecode.swift; path = DiaryListUseCase.swift; sourceTree = "<group>"; };
		5C6D0D1D2B49B3330074B5F5 /* DiaryListRepository.swift */ = {isa = PBXFileReference; lastKnownFileType = sourcecode.swift; path = DiaryListRepository.swift; sourceTree = "<group>"; };
		5C6D0D1F2B49B3890074B5F5 /* DiaryListRepositoryImpl.swift */ = {isa = PBXFileReference; lastKnownFileType = sourcecode.swift; path = DiaryListRepositoryImpl.swift; sourceTree = "<group>"; };
		5C6D0D212B49B5860074B5F5 /* Diary.swift */ = {isa = PBXFileReference; lastKnownFileType = sourcecode.swift; path = Diary.swift; sourceTree = "<group>"; };
/* End PBXFileReference section */

/* Begin PBXFrameworksBuildPhase section */
		5C0F8E0D2B496D7600ECC2F8 /* Frameworks */ = {
			isa = PBXFrameworksBuildPhase;
			buildActionMask = 2147483647;
			files = (
			);
			runOnlyForDeploymentPostprocessing = 0;
		};
/* End PBXFrameworksBuildPhase section */

/* Begin PBXGroup section */
		5C0F8E072B496D7600ECC2F8 = {
			isa = PBXGroup;
			children = (
				5C0F8E122B496D7600ECC2F8 /* GosimDiary */,
				5C0F8E112B496D7600ECC2F8 /* Products */,
			);
			sourceTree = "<group>";
		};
		5C0F8E112B496D7600ECC2F8 /* Products */ = {
			isa = PBXGroup;
			children = (
				5C0F8E102B496D7600ECC2F8 /* GosimDiary.app */,
			);
			name = Products;
			sourceTree = "<group>";
		};
		5C0F8E122B496D7600ECC2F8 /* GosimDiary */ = {
			isa = PBXGroup;
			children = (
				5C6D0D0D2B49B1750074B5F5 /* Application */,
				5C0F8E292B49797D00ECC2F8 /* Data */,
				5C0F8E272B49797000ECC2F8 /* Domain */,
				5C0F8E282B49797600ECC2F8 /* Presentation */,
				5C6D0D0E2B49B19B0074B5F5 /* Resources */,
			);
			path = GosimDiary;
			sourceTree = "<group>";
		};
		5C0F8E272B49797000ECC2F8 /* Domain */ = {
			isa = PBXGroup;
			children = (
				5C0F8E2C2B49A88200ECC2F8 /* Interfaces */,
				5C0F8E2B2B49A87D00ECC2F8 /* UseCases */,
				5C0F8E2A2B49A87700ECC2F8 /* Entities */,
			);
			path = Domain;
			sourceTree = "<group>";
		};
		5C0F8E282B49797600ECC2F8 /* Presentation */ = {
			isa = PBXGroup;
			children = (
				5C6D0D092B49AA3F0074B5F5 /* Flows */,
				5C0F8E2D2B49A88900ECC2F8 /* Scene */,
			);
			path = Presentation;
			sourceTree = "<group>";
		};
		5C0F8E292B49797D00ECC2F8 /* Data */ = {
			isa = PBXGroup;
			children = (
				5C6D0D0B2B49AE640074B5F5 /* Repositories */,
			);
			path = Data;
			sourceTree = "<group>";
		};
		5C0F8E2A2B49A87700ECC2F8 /* Entities */ = {
			isa = PBXGroup;
			children = (
				5C6D0D212B49B5860074B5F5 /* Diary.swift */,
			);
			path = Entities;
			sourceTree = "<group>";
		};
		5C0F8E2B2B49A87D00ECC2F8 /* UseCases */ = {
			isa = PBXGroup;
			children = (
				5C6D0D1B2B49B3240074B5F5 /* DiaryListUseCase.swift */,
			);
			path = UseCases;
			sourceTree = "<group>";
		};
		5C0F8E2C2B49A88200ECC2F8 /* Interfaces */ = {
			isa = PBXGroup;
			children = (
				5C6D0D0A2B49AA670074B5F5 /* Repositories */,
			);
			path = Interfaces;
			sourceTree = "<group>";
		};
		5C0F8E2D2B49A88900ECC2F8 /* Scene */ = {
			isa = PBXGroup;
			children = (
				5C6D0D112B49B26F0074B5F5 /* DiaryListScene */,
			);
			path = Scene;
			sourceTree = "<group>";
		};
		5C6D0D092B49AA3F0074B5F5 /* Flows */ = {
			isa = PBXGroup;
			children = (
				5C6D0D182B49B2F70074B5F5 /* DiaryFlowCoordinator.swift */,
			);
			path = Flows;
			sourceTree = "<group>";
		};
		5C6D0D0A2B49AA670074B5F5 /* Repositories */ = {
			isa = PBXGroup;
			children = (
				5C6D0D1D2B49B3330074B5F5 /* DiaryListRepository.swift */,
			);
			path = Repositories;
			sourceTree = "<group>";
		};
		5C6D0D0B2B49AE640074B5F5 /* Repositories */ = {
			isa = PBXGroup;
			children = (
				5C6D0D1F2B49B3890074B5F5 /* DiaryListRepositoryImpl.swift */,
			);
			path = Repositories;
			sourceTree = "<group>";
		};
		5C6D0D0D2B49B1750074B5F5 /* Application */ = {
			isa = PBXGroup;
			children = (
				5C0F8E132B496D7600ECC2F8 /* AppDelegate.swift */,
				5C0F8E152B496D7600ECC2F8 /* SceneDelegate.swift */,
			);
			path = Application;
			sourceTree = "<group>";
		};
		5C6D0D0E2B49B19B0074B5F5 /* Resources */ = {
			isa = PBXGroup;
			children = (
				5C0F8E1C2B496D7700ECC2F8 /* Assets.xcassets */,
				5C0F8E212B496D7700ECC2F8 /* Info.plist */,
				5C0F8E1E2B496D7700ECC2F8 /* LaunchScreen.storyboard */,
			);
			path = Resources;
			sourceTree = "<group>";
		};
		5C6D0D112B49B26F0074B5F5 /* DiaryListScene */ = {
			isa = PBXGroup;
			children = (
				5C6D0D132B49B2920074B5F5 /* ViewModel */,
				5C6D0D122B49B28E0074B5F5 /* View */,
			);
			path = DiaryListScene;
			sourceTree = "<group>";
		};
		5C6D0D122B49B28E0074B5F5 /* View */ = {
			isa = PBXGroup;
			children = (
				5C6D0D162B49B2CA0074B5F5 /* DiaryListViewController.swift */,
			);
			path = View;
			sourceTree = "<group>";
		};
		5C6D0D132B49B2920074B5F5 /* ViewModel */ = {
			isa = PBXGroup;
			children = (
				5C6D0D142B49B2B70074B5F5 /* DiaryListViewModel.swift */,
			);
			path = ViewModel;
			sourceTree = "<group>";
		};
/* End PBXGroup section */

/* Begin PBXNativeTarget section */
		5C0F8E0F2B496D7600ECC2F8 /* GosimDiary */ = {
			isa = PBXNativeTarget;
			buildConfigurationList = 5C0F8E242B496D7700ECC2F8 /* Build configuration list for PBXNativeTarget "GosimDiary" */;
			buildPhases = (
				5C0F8E0C2B496D7600ECC2F8 /* Sources */,
				5C0F8E0D2B496D7600ECC2F8 /* Frameworks */,
				5C0F8E0E2B496D7600ECC2F8 /* Resources */,
			);
			buildRules = (
			);
			dependencies = (
			);
			name = GosimDiary;
			productName = GosimDiary;
			productReference = 5C0F8E102B496D7600ECC2F8 /* GosimDiary.app */;
			productType = "com.apple.product-type.application";
		};
/* End PBXNativeTarget section */

/* Begin PBXProject section */
		5C0F8E082B496D7600ECC2F8 /* Project object */ = {
			isa = PBXProject;
			attributes = {
				BuildIndependentTargetsInParallel = 1;
				LastSwiftUpdateCheck = 1500;
				LastUpgradeCheck = 1500;
				TargetAttributes = {
					5C0F8E0F2B496D7600ECC2F8 = {
						CreatedOnToolsVersion = 15.0;
					};
				};
			};
			buildConfigurationList = 5C0F8E0B2B496D7600ECC2F8 /* Build configuration list for PBXProject "GosimDiary" */;
			compatibilityVersion = "Xcode 14.0";
			developmentRegion = en;
			hasScannedForEncodings = 0;
			knownRegions = (
				en,
				Base,
			);
			mainGroup = 5C0F8E072B496D7600ECC2F8;
			productRefGroup = 5C0F8E112B496D7600ECC2F8 /* Products */;
			projectDirPath = "";
			projectRoot = "";
			targets = (
				5C0F8E0F2B496D7600ECC2F8 /* GosimDiary */,
			);
		};
/* End PBXProject section */

/* Begin PBXResourcesBuildPhase section */
		5C0F8E0E2B496D7600ECC2F8 /* Resources */ = {
			isa = PBXResourcesBuildPhase;
			buildActionMask = 2147483647;
			files = (
				5C0F8E202B496D7700ECC2F8 /* LaunchScreen.storyboard in Resources */,
				5C0F8E1D2B496D7700ECC2F8 /* Assets.xcassets in Resources */,
			);
			runOnlyForDeploymentPostprocessing = 0;
		};
/* End PBXResourcesBuildPhase section */

/* Begin PBXSourcesBuildPhase section */
		5C0F8E0C2B496D7600ECC2F8 /* Sources */ = {
			isa = PBXSourcesBuildPhase;
			buildActionMask = 2147483647;
			files = (
				5C6D0D152B49B2B70074B5F5 /* DiaryListViewModel.swift in Sources */,
				5C6D0D222B49B5860074B5F5 /* Diary.swift in Sources */,
				5C6D0D1E2B49B3330074B5F5 /* DiaryListRepository.swift in Sources */,
				5C6D0D202B49B3890074B5F5 /* DiaryListRepositoryImpl.swift in Sources */,
				5C6D0D1C2B49B3240074B5F5 /* DiaryListUseCase.swift in Sources */,
				5C0F8E142B496D7600ECC2F8 /* AppDelegate.swift in Sources */,
				5C6D0D172B49B2CA0074B5F5 /* DiaryListViewController.swift in Sources */,
				5C6D0D192B49B2F70074B5F5 /* DiaryFlowCoordinator.swift in Sources */,
				5C0F8E162B496D7600ECC2F8 /* SceneDelegate.swift in Sources */,
			);
			runOnlyForDeploymentPostprocessing = 0;
		};
/* End PBXSourcesBuildPhase section */

/* Begin PBXVariantGroup section */
		5C0F8E1E2B496D7700ECC2F8 /* LaunchScreen.storyboard */ = {
			isa = PBXVariantGroup;
			children = (
				5C0F8E1F2B496D7700ECC2F8 /* Base */,
			);
			name = LaunchScreen.storyboard;
			sourceTree = "<group>";
		};
/* End PBXVariantGroup section */

/* Begin XCBuildConfiguration section */
		5C0F8E222B496D7700ECC2F8 /* Debug */ = {
			isa = XCBuildConfiguration;
			buildSettings = {
				ALWAYS_SEARCH_USER_PATHS = NO;
				ASSETCATALOG_COMPILER_GENERATE_SWIFT_ASSET_SYMBOL_EXTENSIONS = YES;
				CLANG_ANALYZER_NONNULL = YES;
				CLANG_ANALYZER_NUMBER_OBJECT_CONVERSION = YES_AGGRESSIVE;
				CLANG_CXX_LANGUAGE_STANDARD = "gnu++20";
				CLANG_ENABLE_MODULES = YES;
				CLANG_ENABLE_OBJC_ARC = YES;
				CLANG_ENABLE_OBJC_WEAK = YES;
				CLANG_WARN_BLOCK_CAPTURE_AUTORELEASING = YES;
				CLANG_WARN_BOOL_CONVERSION = YES;
				CLANG_WARN_COMMA = YES;
				CLANG_WARN_CONSTANT_CONVERSION = YES;
				CLANG_WARN_DEPRECATED_OBJC_IMPLEMENTATIONS = YES;
				CLANG_WARN_DIRECT_OBJC_ISA_USAGE = YES_ERROR;
				CLANG_WARN_DOCUMENTATION_COMMENTS = YES;
				CLANG_WARN_EMPTY_BODY = YES;
				CLANG_WARN_ENUM_CONVERSION = YES;
				CLANG_WARN_INFINITE_RECURSION = YES;
				CLANG_WARN_INT_CONVERSION = YES;
				CLANG_WARN_NON_LITERAL_NULL_CONVERSION = YES;
				CLANG_WARN_OBJC_IMPLICIT_RETAIN_SELF = YES;
				CLANG_WARN_OBJC_LITERAL_CONVERSION = YES;
				CLANG_WARN_OBJC_ROOT_CLASS = YES_ERROR;
				CLANG_WARN_QUOTED_INCLUDE_IN_FRAMEWORK_HEADER = YES;
				CLANG_WARN_RANGE_LOOP_ANALYSIS = YES;
				CLANG_WARN_STRICT_PROTOTYPES = YES;
				CLANG_WARN_SUSPICIOUS_MOVE = YES;
				CLANG_WARN_UNGUARDED_AVAILABILITY = YES_AGGRESSIVE;
				CLANG_WARN_UNREACHABLE_CODE = YES;
				CLANG_WARN__DUPLICATE_METHOD_MATCH = YES;
				COPY_PHASE_STRIP = NO;
				DEBUG_INFORMATION_FORMAT = dwarf;
				ENABLE_STRICT_OBJC_MSGSEND = YES;
				ENABLE_TESTABILITY = YES;
				ENABLE_USER_SCRIPT_SANDBOXING = YES;
				GCC_C_LANGUAGE_STANDARD = gnu17;
				GCC_DYNAMIC_NO_PIC = NO;
				GCC_NO_COMMON_BLOCKS = YES;
				GCC_OPTIMIZATION_LEVEL = 0;
				GCC_PREPROCESSOR_DEFINITIONS = (
					"DEBUG=1",
					"$(inherited)",
				);
				GCC_WARN_64_TO_32_BIT_CONVERSION = YES;
				GCC_WARN_ABOUT_RETURN_TYPE = YES_ERROR;
				GCC_WARN_UNDECLARED_SELECTOR = YES;
				GCC_WARN_UNINITIALIZED_AUTOS = YES_AGGRESSIVE;
				GCC_WARN_UNUSED_FUNCTION = YES;
				GCC_WARN_UNUSED_VARIABLE = YES;
				IPHONEOS_DEPLOYMENT_TARGET = 17.0;
				LOCALIZATION_PREFERS_STRING_CATALOGS = YES;
				MTL_ENABLE_DEBUG_INFO = INCLUDE_SOURCE;
				MTL_FAST_MATH = YES;
				ONLY_ACTIVE_ARCH = YES;
				SDKROOT = iphoneos;
				SWIFT_ACTIVE_COMPILATION_CONDITIONS = "DEBUG $(inherited)";
				SWIFT_OPTIMIZATION_LEVEL = "-Onone";
			};
			name = Debug;
		};
		5C0F8E232B496D7700ECC2F8 /* Release */ = {
			isa = XCBuildConfiguration;
			buildSettings = {
				ALWAYS_SEARCH_USER_PATHS = NO;
				ASSETCATALOG_COMPILER_GENERATE_SWIFT_ASSET_SYMBOL_EXTENSIONS = YES;
				CLANG_ANALYZER_NONNULL = YES;
				CLANG_ANALYZER_NUMBER_OBJECT_CONVERSION = YES_AGGRESSIVE;
				CLANG_CXX_LANGUAGE_STANDARD = "gnu++20";
				CLANG_ENABLE_MODULES = YES;
				CLANG_ENABLE_OBJC_ARC = YES;
				CLANG_ENABLE_OBJC_WEAK = YES;
				CLANG_WARN_BLOCK_CAPTURE_AUTORELEASING = YES;
				CLANG_WARN_BOOL_CONVERSION = YES;
				CLANG_WARN_COMMA = YES;
				CLANG_WARN_CONSTANT_CONVERSION = YES;
				CLANG_WARN_DEPRECATED_OBJC_IMPLEMENTATIONS = YES;
				CLANG_WARN_DIRECT_OBJC_ISA_USAGE = YES_ERROR;
				CLANG_WARN_DOCUMENTATION_COMMENTS = YES;
				CLANG_WARN_EMPTY_BODY = YES;
				CLANG_WARN_ENUM_CONVERSION = YES;
				CLANG_WARN_INFINITE_RECURSION = YES;
				CLANG_WARN_INT_CONVERSION = YES;
				CLANG_WARN_NON_LITERAL_NULL_CONVERSION = YES;
				CLANG_WARN_OBJC_IMPLICIT_RETAIN_SELF = YES;
				CLANG_WARN_OBJC_LITERAL_CONVERSION = YES;
				CLANG_WARN_OBJC_ROOT_CLASS = YES_ERROR;
				CLANG_WARN_QUOTED_INCLUDE_IN_FRAMEWORK_HEADER = YES;
				CLANG_WARN_RANGE_LOOP_ANALYSIS = YES;
				CLANG_WARN_STRICT_PROTOTYPES = YES;
				CLANG_WARN_SUSPICIOUS_MOVE = YES;
				CLANG_WARN_UNGUARDED_AVAILABILITY = YES_AGGRESSIVE;
				CLANG_WARN_UNREACHABLE_CODE = YES;
				CLANG_WARN__DUPLICATE_METHOD_MATCH = YES;
				COPY_PHASE_STRIP = NO;
				DEBUG_INFORMATION_FORMAT = "dwarf-with-dsym";
				ENABLE_NS_ASSERTIONS = NO;
				ENABLE_STRICT_OBJC_MSGSEND = YES;
				ENABLE_USER_SCRIPT_SANDBOXING = YES;
				GCC_C_LANGUAGE_STANDARD = gnu17;
				GCC_NO_COMMON_BLOCKS = YES;
				GCC_WARN_64_TO_32_BIT_CONVERSION = YES;
				GCC_WARN_ABOUT_RETURN_TYPE = YES_ERROR;
				GCC_WARN_UNDECLARED_SELECTOR = YES;
				GCC_WARN_UNINITIALIZED_AUTOS = YES_AGGRESSIVE;
				GCC_WARN_UNUSED_FUNCTION = YES;
				GCC_WARN_UNUSED_VARIABLE = YES;
				IPHONEOS_DEPLOYMENT_TARGET = 17.0;
				LOCALIZATION_PREFERS_STRING_CATALOGS = YES;
				MTL_ENABLE_DEBUG_INFO = NO;
				MTL_FAST_MATH = YES;
				SDKROOT = iphoneos;
				SWIFT_COMPILATION_MODE = wholemodule;
				VALIDATE_PRODUCT = YES;
			};
			name = Release;
		};
		5C0F8E252B496D7700ECC2F8 /* Debug */ = {
			isa = XCBuildConfiguration;
			buildSettings = {
				ASSETCATALOG_COMPILER_APPICON_NAME = AppIcon;
				ASSETCATALOG_COMPILER_GLOBAL_ACCENT_COLOR_NAME = AccentColor;
				CODE_SIGN_STYLE = Automatic;
				CURRENT_PROJECT_VERSION = 1;
				DEVELOPMENT_TEAM = P9G6PC5FMA;
				GENERATE_INFOPLIST_FILE = YES;
				INFOPLIST_FILE = GosimDiary/Resources/Info.plist;
				INFOPLIST_KEY_UIApplicationSupportsIndirectInputEvents = YES;
				INFOPLIST_KEY_UILaunchStoryboardName = LaunchScreen;
				INFOPLIST_KEY_UIMainStoryboardFile = Main;
				INFOPLIST_KEY_UISupportedInterfaceOrientations_iPad = "UIInterfaceOrientationPortrait UIInterfaceOrientationPortraitUpsideDown UIInterfaceOrientationLandscapeLeft UIInterfaceOrientationLandscapeRight";
				INFOPLIST_KEY_UISupportedInterfaceOrientations_iPhone = "UIInterfaceOrientationPortrait UIInterfaceOrientationLandscapeLeft UIInterfaceOrientationLandscapeRight";
				LD_RUNPATH_SEARCH_PATHS = (
					"$(inherited)",
					"@executable_path/Frameworks",
				);
				MARKETING_VERSION = 1.0;
				PRODUCT_BUNDLE_IDENTIFIER = com.sanghee.GosimDiary;
				PRODUCT_NAME = "$(TARGET_NAME)";
				SWIFT_EMIT_LOC_STRINGS = YES;
				SWIFT_VERSION = 5.0;
				TARGETED_DEVICE_FAMILY = "1,2";
			};
			name = Debug;
		};
		5C0F8E262B496D7700ECC2F8 /* Release */ = {
			isa = XCBuildConfiguration;
			buildSettings = {
				ASSETCATALOG_COMPILER_APPICON_NAME = AppIcon;
				ASSETCATALOG_COMPILER_GLOBAL_ACCENT_COLOR_NAME = AccentColor;
				CODE_SIGN_STYLE = Automatic;
				CURRENT_PROJECT_VERSION = 1;
				DEVELOPMENT_TEAM = P9G6PC5FMA;
				GENERATE_INFOPLIST_FILE = YES;
				INFOPLIST_FILE = GosimDiary/Resources/Info.plist;
				INFOPLIST_KEY_UIApplicationSupportsIndirectInputEvents = YES;
				INFOPLIST_KEY_UILaunchStoryboardName = LaunchScreen;
				INFOPLIST_KEY_UIMainStoryboardFile = Main;
				INFOPLIST_KEY_UISupportedInterfaceOrientations_iPad = "UIInterfaceOrientationPortrait UIInterfaceOrientationPortraitUpsideDown UIInterfaceOrientationLandscapeLeft UIInterfaceOrientationLandscapeRight";
				INFOPLIST_KEY_UISupportedInterfaceOrientations_iPhone = "UIInterfaceOrientationPortrait UIInterfaceOrientationLandscapeLeft UIInterfaceOrientationLandscapeRight";
				LD_RUNPATH_SEARCH_PATHS = (
					"$(inherited)",
					"@executable_path/Frameworks",
				);
				MARKETING_VERSION = 1.0;
				PRODUCT_BUNDLE_IDENTIFIER = com.sanghee.GosimDiary;
				PRODUCT_NAME = "$(TARGET_NAME)";
				SWIFT_EMIT_LOC_STRINGS = YES;
				SWIFT_VERSION = 5.0;
				TARGETED_DEVICE_FAMILY = "1,2";
			};
			name = Release;
		};
/* End XCBuildConfiguration section */

/* Begin XCConfigurationList section */
		5C0F8E0B2B496D7600ECC2F8 /* Build configuration list for PBXProject "GosimDiary" */ = {
			isa = XCConfigurationList;
			buildConfigurations = (
				5C0F8E222B496D7700ECC2F8 /* Debug */,
				5C0F8E232B496D7700ECC2F8 /* Release */,
			);
			defaultConfigurationIsVisible = 0;
			defaultConfigurationName = Release;
		};
		5C0F8E242B496D7700ECC2F8 /* Build configuration list for PBXNativeTarget "GosimDiary" */ = {
			isa = XCConfigurationList;
			buildConfigurations = (
				5C0F8E252B496D7700ECC2F8 /* Debug */,
				5C0F8E262B496D7700ECC2F8 /* Release */,
			);
			defaultConfigurationIsVisible = 0;
			defaultConfigurationName = Release;
		};
/* End XCConfigurationList section */
	};
	rootObject = 5C0F8E082B496D7600ECC2F8 /* Project object */;
}
